// !$*UTF8*$!
{
	archiveVersion = 1;
	classes = {
	};
	objectVersion = 50;
	objects = {

/* Begin PBXBuildFile section */
		89D355C82361940E00624655 /* AppDelegate.swift in Sources */ = {isa = PBXBuildFile; fileRef = 89D355C72361940E00624655 /* AppDelegate.swift */; };
		89D355CA2361940E00624655 /* ViewController.swift in Sources */ = {isa = PBXBuildFile; fileRef = 89D355C92361940E00624655 /* ViewController.swift */; };
		89D355CD2361940E00624655 /* Main.storyboard in Resources */ = {isa = PBXBuildFile; fileRef = 89D355CB2361940E00624655 /* Main.storyboard */; };
		89D355CF2361941300624655 /* Assets.xcassets in Resources */ = {isa = PBXBuildFile; fileRef = 89D355CE2361941300624655 /* Assets.xcassets */; };
		89D355D22361941300624655 /* LaunchScreen.storyboard in Resources */ = {isa = PBXBuildFile; fileRef = 89D355D02361941300624655 /* LaunchScreen.storyboard */; };
		89D355DA2361942400624655 /* OfferPriceView.swift in Sources */ = {isa = PBXBuildFile; fileRef = 89D355D92361942400624655 /* OfferPriceView.swift */; };
		B0A0A035236F20F0005DDEDD /* OtherMethod.rtf in Resources */ = {isa = PBXBuildFile; fileRef = B0A0A034236F20F0005DDEDD /* OtherMethod.rtf */; };
/* End PBXBuildFile section */

/* Begin PBXFileReference section */
		89D355C42361940E00624655 /* offerPrice.app */ = {isa = PBXFileReference; explicitFileType = wrapper.application; includeInIndex = 0; path = offerPrice.app; sourceTree = BUILT_PRODUCTS_DIR; };
		89D355C72361940E00624655 /* AppDelegate.swift */ = {isa = PBXFileReference; lastKnownFileType = sourcecode.swift; path = AppDelegate.swift; sourceTree = "<group>"; };
		89D355C92361940E00624655 /* ViewController.swift */ = {isa = PBXFileReference; lastKnownFileType = sourcecode.swift; path = ViewController.swift; sourceTree = "<group>"; };
		89D355CC2361940E00624655 /* Base */ = {isa = PBXFileReference; lastKnownFileType = file.storyboard; name = Base; path = Base.lproj/Main.storyboard; sourceTree = "<group>"; };
		89D355CE2361941300624655 /* Assets.xcassets */ = {isa = PBXFileReference; lastKnownFileType = folder.assetcatalog; path = Assets.xcassets; sourceTree = "<group>"; };
		89D355D12361941300624655 /* Base */ = {isa = PBXFileReference; lastKnownFileType = file.storyboard; name = Base; path = Base.lproj/LaunchScreen.storyboard; sourceTree = "<group>"; };
		89D355D32361941300624655 /* Info.plist */ = {isa = PBXFileReference; lastKnownFileType = text.plist.xml; path = Info.plist; sourceTree = "<group>"; };
		89D355D92361942400624655 /* OfferPriceView.swift */ = {isa = PBXFileReference; lastKnownFileType = sourcecode.swift; path = OfferPriceView.swift; sourceTree = "<group>"; };
		B0A0A034236F20F0005DDEDD /* OtherMethod.rtf */ = {isa = PBXFileReference; lastKnownFileType = text.rtf; path = OtherMethod.rtf; sourceTree = "<group>"; };
/* End PBXFileReference section */

/* Begin PBXFrameworksBuildPhase section */
		89D355C12361940E00624655 /* Frameworks */ = {
			isa = PBXFrameworksBuildPhase;
			buildActionMask = 2147483647;
			files = (
			);
			runOnlyForDeploymentPostprocessing = 0;
		};
/* End PBXFrameworksBuildPhase section */

/* Begin PBXGroup section */
		89D355BB2361940E00624655 = {
			isa = PBXGroup;
			children = (
				89D355C62361940E00624655 /* offerPrice */,
				89D355C52361940E00624655 /* Products */,
			);
			sourceTree = "<group>";
		};
		89D355C52361940E00624655 /* Products */ = {
			isa = PBXGroup;
			children = (
				89D355C42361940E00624655 /* offerPrice.app */,
			);
			name = Products;
			sourceTree = "<group>";
		};
		89D355C62361940E00624655 /* offerPrice */ = {
			isa = PBXGroup;
			children = (
				89D355C72361940E00624655 /* AppDelegate.swift */,
				89D355C92361940E00624655 /* ViewController.swift */,
				89D355D92361942400624655 /* OfferPriceView.swift */,
				89D355CB2361940E00624655 /* Main.storyboard */,
				89D355CE2361941300624655 /* Assets.xcassets */,
				89D355D02361941300624655 /* LaunchScreen.storyboard */,
				89D355D32361941300624655 /* Info.plist */,
				B0A0A034236F20F0005DDEDD /* OtherMethod.rtf */,
			);
			path = offerPrice;
			sourceTree = "<group>";
		};
/* End PBXGroup section */

/* Begin PBXNativeTarget section */
		89D355C32361940E00624655 /* offerPrice */ = {
			isa = PBXNativeTarget;
			buildConfigurationList = 89D355D62361941300624655 /* Build configuration list for PBXNativeTarget "offerPrice" */;
			buildPhases = (
				89D355C02361940E00624655 /* Sources */,
				89D355C12361940E00624655 /* Frameworks */,
				89D355C22361940E00624655 /* Resources */,
			);
			buildRules = (
			);
			dependencies = (
			);
			name = offerPrice;
			productName = offerPrice;
			productReference = 89D355C42361940E00624655 /* offerPrice.app */;
			productType = "com.apple.product-type.application";
		};
/* End PBXNativeTarget section */

/* Begin PBXProject section */
		89D355BC2361940E00624655 /* Project object */ = {
			isa = PBXProject;
			attributes = {
				LastSwiftUpdateCheck = 1030;
				LastUpgradeCheck = 1030;
				ORGANIZATIONNAME = MyGlamm;
				TargetAttributes = {
					89D355C32361940E00624655 = {
						CreatedOnToolsVersion = 10.3;
					};
				};
			};
			buildConfigurationList = 89D355BF2361940E00624655 /* Build configuration list for PBXProject "offerPrice" */;
			compatibilityVersion = "Xcode 9.3";
			developmentRegion = en;
			hasScannedForEncodings = 0;
			knownRegions = (
				en,
				Base,
			);
			mainGroup = 89D355BB2361940E00624655;
			productRefGroup = 89D355C52361940E00624655 /* Products */;
			projectDirPath = "";
			projectRoot = "";
			targets = (
				89D355C32361940E00624655 /* offerPrice */,
			);
		};
/* End PBXProject section */

/* Begin PBXResourcesBuildPhase section */
		89D355C22361940E00624655 /* Resources */ = {
			isa = PBXResourcesBuildPhase;
			buildActionMask = 2147483647;
			files = (
				B0A0A035236F20F0005DDEDD /* OtherMethod.rtf in Resources */,
				89D355D22361941300624655 /* LaunchScreen.storyboard in Resources */,
				89D355CF2361941300624655 /* Assets.xcassets in Resources */,
				89D355CD2361940E00624655 /* Main.storyboard in Resources */,
			);
			runOnlyForDeploymentPostprocessing = 0;
		};
/* End PBXResourcesBuildPhase section */

/* Begin PBXSourcesBuildPhase section */
		89D355C02361940E00624655 /* Sources */ = {
			isa = PBXSourcesBuildPhase;
			buildActionMask = 2147483647;
			files = (
				89D355CA2361940E00624655 /* ViewController.swift in Sources */,
				89D355C82361940E00624655 /* AppDelegate.swift in Sources */,
				89D355DA2361942400624655 /* OfferPriceView.swift in Sources */,
			);
			runOnlyForDeploymentPostprocessing = 0;
		};
/* End PBXSourcesBuildPhase section */

/* Begin PBXVariantGroup section */
		89D355CB2361940E00624655 /* Main.storyboard */ = {
			isa = PBXVariantGroup;
			children = (
				89D355CC2361940E00624655 /* Base */,
			);
			name = Main.storyboard;
			sourceTree = "<group>";
		};
		89D355D02361941300624655 /* LaunchScreen.storyboard */ = {
			isa = PBXVariantGroup;
			children = (
				89D355D12361941300624655 /* Base */,
			);
			name = LaunchScreen.storyboard;
			sourceTree = "<group>";
		};
/* End PBXVariantGroup section */

/* Begin XCBuildConfiguration section */
		89D355D42361941300624655 /* Debug */ = {
			isa = XCBuildConfiguration;
			buildSettings = {
				ALWAYS_SEARCH_USER_PATHS = NO;
				CLANG_ANALYZER_NONNULL = YES;
				CLANG_ANALYZER_NUMBER_OBJECT_CONVERSION = YES_AGGRESSIVE;
				CLANG_CXX_LANGUAGE_STANDARD = "gnu++14";
				CLANG_CXX_LIBRARY = "libc++";
				CLANG_ENABLE_MODULES = YES;
				CLANG_ENABLE_OBJC_ARC = YES;
				CLANG_ENABLE_OBJC_WEAK = YES;
				CLANG_WARN_BLOCK_CAPTURE_AUTORELEASING = YES;
				CLANG_WARN_BOOL_CONVERSION = YES;
				CLANG_WARN_COMMA = YES;
				CLANG_WARN_CONSTANT_CONVERSION = YES;
				CLANG_WARN_DEPRECATED_OBJC_IMPLEMENTATIONS = YES;
				CLANG_WARN_DIRECT_OBJC_ISA_USAGE = YES_ERROR;
				CLANG_WARN_DOCUMENTATION_COMMENTS = YES;
				CLANG_WARN_EMPTY_BODY = YES;
				CLANG_WARN_ENUM_CONVERSION = YES;
				CLANG_WARN_INFINITE_RECURSION = YES;
				CLANG_WARN_INT_CONVERSION = YES;
				CLANG_WARN_NON_LITERAL_NULL_CONVERSION = YES;
				CLANG_WARN_OBJC_IMPLICIT_RETAIN_SELF = YES;
				CLANG_WARN_OBJC_LITERAL_CONVERSION = YES;
				CLANG_WARN_OBJC_ROOT_CLASS = YES_ERROR;
				CLANG_WARN_RANGE_LOOP_ANALYSIS = YES;
				CLANG_WARN_STRICT_PROTOTYPES = YES;
				CLANG_WARN_SUSPICIOUS_MOVE = YES;
				CLANG_WARN_UNGUARDED_AVAILABILITY = YES_AGGRESSIVE;
				CLANG_WARN_UNREACHABLE_CODE = YES;
				CLANG_WARN__DUPLICATE_METHOD_MATCH = YES;
				CODE_SIGN_IDENTITY = "iPhone Developer";
				COPY_PHASE_STRIP = NO;
				DEBUG_INFORMATION_FORMAT = dwarf;
				ENABLE_STRICT_OBJC_MSGSEND = YES;
				ENABLE_TESTABILITY = YES;
				GCC_C_LANGUAGE_STANDARD = gnu11;
				GCC_DYNAMIC_NO_PIC = NO;
				GCC_NO_COMMON_BLOCKS = YES;
				GCC_OPTIMIZATION_LEVEL = 0;
				GCC_PREPROCESSOR_DEFINITIONS = (
					"DEBUG=1",
					"$(inherited)",
				);
				GCC_WARN_64_TO_32_BIT_CONVERSION = YES;
				GCC_WARN_ABOUT_RETURN_TYPE = YES_ERROR;
				GCC_WARN_UNDECLARED_SELECTOR = YES;
				GCC_WARN_UNINITIALIZED_AUTOS = YES_AGGRESSIVE;
				GCC_WARN_UNUSED_FUNCTION = YES;
				GCC_WARN_UNUSED_VARIABLE = YES;
				IPHONEOS_DEPLOYMENT_TARGET = 12.4;
				MTL_ENABLE_DEBUG_INFO = INCLUDE_SOURCE;
				MTL_FAST_MATH = YES;
				ONLY_ACTIVE_ARCH = YES;
				SDKROOT = iphoneos;
				SWIFT_ACTIVE_COMPILATION_CONDITIONS = DEBUG;
				SWIFT_OPTIMIZATION_LEVEL = "-Onone";
			};
			name = Debug;
		};
		89D355D52361941300624655 /* Release */ = {
			isa = XCBuildConfiguration;
			buildSettings = {
				ALWAYS_SEARCH_USER_PATHS = NO;
				CLANG_ANALYZER_NONNULL = YES;
				CLANG_ANALYZER_NUMBER_OBJECT_CONVERSION = YES_AGGRESSIVE;
				CLANG_CXX_LANGUAGE_STANDARD = "gnu++14";
				CLANG_CXX_LIBRARY = "libc++";
				CLANG_ENABLE_MODULES = YES;
				CLANG_ENABLE_OBJC_ARC = YES;
				CLANG_ENABLE_OBJC_WEAK = YES;
				CLANG_WARN_BLOCK_CAPTURE_AUTORELEASING = YES;
				CLANG_WARN_BOOL_CONVERSION = YES;
				CLANG_WARN_COMMA = YES;
				CLANG_WARN_CONSTANT_CONVERSION = YES;
				CLANG_WARN_DEPRECATED_OBJC_IMPLEMENTATIONS = YES;
				CLANG_WARN_DIRECT_OBJC_ISA_USAGE = YES_ERROR;
				CLANG_WARN_DOCUMENTATION_COMMENTS = YES;
				CLANG_WARN_EMPTY_BODY = YES;
				CLANG_WARN_ENUM_CONVERSION = YES;
				CLANG_WARN_INFINITE_RECURSION = YES;
				CLANG_WARN_INT_CONVERSION = YES;
				CLANG_WARN_NON_LITERAL_NULL_CONVERSION = YES;
				CLANG_WARN_OBJC_IMPLICIT_RETAIN_SELF = YES;
				CLANG_WARN_OBJC_LITERAL_CONVERSION = YES;
				CLANG_WARN_OBJC_ROOT_CLASS = YES_ERROR;
				CLANG_WARN_RANGE_LOOP_ANALYSIS = YES;
				CLANG_WARN_STRICT_PROTOTYPES = YES;
				CLANG_WARN_SUSPICIOUS_MOVE = YES;
				CLANG_WARN_UNGUARDED_AVAILABILITY = YES_AGGRESSIVE;
				CLANG_WARN_UNREACHABLE_CODE = YES;
				CLANG_WARN__DUPLICATE_METHOD_MATCH = YES;
				CODE_SIGN_IDENTITY = "iPhone Developer";
				COPY_PHASE_STRIP = NO;
				DEBUG_INFORMATION_FORMAT = "dwarf-with-dsym";
				ENABLE_NS_ASSERTIONS = NO;
				ENABLE_STRICT_OBJC_MSGSEND = YES;
				GCC_C_LANGUAGE_STANDARD = gnu11;
				GCC_NO_COMMON_BLOCKS = YES;
				GCC_WARN_64_TO_32_BIT_CONVERSION = YES;
				GCC_WARN_ABOUT_RETURN_TYPE = YES_ERROR;
				GCC_WARN_UNDECLARED_SELECTOR = YES;
				GCC_WARN_UNINITIALIZED_AUTOS = YES_AGGRESSIVE;
				GCC_WARN_UNUSED_FUNCTION = YES;
				GCC_WARN_UNUSED_VARIABLE = YES;
				IPHONEOS_DEPLOYMENT_TARGET = 12.4;
				MTL_ENABLE_DEBUG_INFO = NO;
				MTL_FAST_MATH = YES;
				SDKROOT = iphoneos;
				SWIFT_COMPILATION_MODE = wholemodule;
				SWIFT_OPTIMIZATION_LEVEL = "-O";
				VALIDATE_PRODUCT = YES;
			};
			name = Release;
		};
		89D355D72361941300624655 /* Debug */ = {
			isa = XCBuildConfiguration;
			buildSettings = {
				ASSETCATALOG_COMPILER_APPICON_NAME = AppIcon;
				CODE_SIGN_STYLE = Automatic;
				DEVELOPMENT_TEAM = Y94DT2QL6A;
				INFOPLIST_FILE = offerPrice/Info.plist;
				IPHONEOS_DEPLOYMENT_TARGET = 11.3;
				LD_RUNPATH_SEARCH_PATHS = (
					"$(inherited)",
					"@executable_path/Frameworks",
				);
				PRODUCT_BUNDLE_IDENTIFIER = test.mytest.offerPrice;
				PRODUCT_NAME = "$(TARGET_NAME)";
				SWIFT_VERSION = 5.0;
				TARGETED_DEVICE_FAMILY = "1,2";
			};
			name = Debug;
		};
		89D355D82361941300624655 /* Release */ = {
			isa = XCBuildConfiguration;
			buildSettings = {
				ASSETCATALOG_COMPILER_APPICON_NAME = AppIcon;
				CODE_SIGN_STYLE = Automatic;
				DEVELOPMENT_TEAM = Y94DT2QL6A;
				INFOPLIST_FILE = offerPrice/Info.plist;
				IPHONEOS_DEPLOYMENT_TARGET = 11.3;
				LD_RUNPATH_SEARCH_PATHS = (
					"$(inherited)",
					"@executable_path/Frameworks",
				);
				PRODUCT_BUNDLE_IDENTIFIER = test.mytest.offerPrice;
				PRODUCT_NAME = "$(TARGET_NAME)";
				SWIFT_VERSION = 5.0;
				TARGETED_DEVICE_FAMILY = "1,2";
			};
			name = Release;
		};
/* End XCBuildConfiguration section */

/* Begin XCConfigurationList section */
		89D355BF2361940E00624655 /* Build configuration list for PBXProject "offerPrice" */ = {
			isa = XCConfigurationList;
			buildConfigurations = (
				89D355D42361941300624655 /* Debug */,
				89D355D52361941300624655 /* Release */,
			);
			defaultConfigurationIsVisible = 0;
			defaultConfigurationName = Release;
		};
		89D355D62361941300624655 /* Build configuration list for PBXNativeTarget "offerPrice" */ = {
			isa = XCConfigurationList;
			buildConfigurations = (
				89D355D72361941300624655 /* Debug */,
				89D355D82361941300624655 /* Release */,
			);
			defaultConfigurationIsVisible = 0;
			defaultConfigurationName = Release;
		};
/* End XCConfigurationList section */
	};
	rootObject = 89D355BC2361940E00624655 /* Project object */;
}
